# This file is automatically @generated by Cargo.
# It is not intended for manual editing.
version = 4

[[package]]
name = "tl-kani-negative"
version = "0.1.0"
dependencies = [
 "tl-syntax",
]

[[package]]
name = "tl-syntax"
version = "0.4.0"
source = "git+https://github.com/agent-ix/tl-syntax.git?rev=6e2fc17fcfba60c33ab264772bb25550a9c81853#6e2fc17fcfba60c33ab264772bb25550a9c81853"
